{
  "name": "fixture",
  "version": "1.0.0",
  "lockfileVersion": 3,
  "requires": true,
  "packages": {
    "": {
      "name": "fixture",
      "version": "1.0.0",
      "workspaces": ["packages/local"]
    },
    "node_modules/shipped": {
      "version": "1.2.3",
      "license": "MIT"
    },
    "node_modules/opt-of-prod": {
      "version": "2.0.0",
      "devOptional": true
    },
    "node_modules/test-only": {
      "version": "9.9.9",
      "dev": true
    },
    "node_modules/local": {
      "resolved": "packages/local",
      "link": true
    },
    "node_modules/no-version": {
      "resolved": "file:../vendored"
    }
  }
}
